
Microsoft Visual Studio Solution File, Format Version 12.00
# Visual Studio 15
VisualStudioVersion = 15.0.27130.2027
MinimumVisualStudioVersion = 10.0.40219.1
Project("{9092AA53-FB77-4645-B42D-1CCCA6BD08BD}") = "Transferer", "Transferer\Transferer.njsproj", "{8D602BCD-AAB1-4FB4-9265-2CB61769C931}"
EndProject
Global
	GlobalSection(SolutionConfigurationPlatforms) = preSolution
		Debug|Any CPU = Debug|Any CPU
		Release|Any CPU = Release|Any CPU
	EndGlobalSection
	GlobalSection(ProjectConfigurationPlatforms) = postSolution
		{8D602BCD-AAB1-4FB4-9265-2CB61769C931}.Debug|Any CPU.ActiveCfg = Debug|Any CPU
		{8D602BCD-AAB1-4FB4-9265-2CB61769C931}.Debug|Any CPU.Build.0 = Debug|Any CPU
		{8D602BCD-AAB1-4FB4-9265-2CB61769C931}.Release|Any CPU.ActiveCfg = Release|Any CPU
		{8D602BCD-AAB1-4FB4-9265-2CB61769C931}.Release|Any CPU.Build.0 = Release|Any CPU
	EndGlobalSection
	GlobalSection(SolutionProperties) = preSolution
		HideSolutionNode = FALSE
	EndGlobalSection
	GlobalSection(ExtensibilityGlobals) = postSolution
		SolutionGuid = {F0DA8A65-A63A-4161-9ACB-0231B9208F59}
	EndGlobalSection
EndGlobal
